
Microsoft Visual Studio Solution File, Format Version 12.00
# Visual Studio Version 17
VisualStudioVersion = 17.1.31903.286
MinimumVisualStudioVersion = 10.0.40219.1
Project("{9A19103F-16F7-4668-BE54-9A1E7A4F7556}") = "Genericity", "CSharp2\Genericity\Genericity.csproj", "{1FBDC0EF-8CF3-4541-8537-CEA3F1CF1B8E}"
EndProject
Project("{2150E333-8FDC-42A3-9474-1A3956D46DE8}") = "CSharp2", "CSharp2", "{C02CC405-60EF-45D2-9014-781AC1E3CE03}"
EndProject
Project("{9A19103F-16F7-4668-BE54-9A1E7A4F7556}") = "Delegation", "CSharp2\Delegation\Delegation.csproj", "{B473F96D-E6C5-464D-A377-A77BEE6AE1F8}"
EndProject
Project("{9A19103F-16F7-4668-BE54-9A1E7A4F7556}") = "Iteration", "CSharp2\Iteration\Iteration.csproj", "{A470196B-E539-49BA-89DF-4DE77EB669DB}"
EndProject
Project("{2150E333-8FDC-42A3-9474-1A3956D46DE8}") = "CSharp5", "CSharp5", "{ACED2C09-1EB6-4062-9803-60F233F81629}"
EndProject
Project("{9A19103F-16F7-4668-BE54-9A1E7A4F7556}") = "AsyncIntro", "CSharp5\AsyncIntro\AsyncIntro.csproj", "{BC8A8DCB-1CF6-44D0-BB28-DF18DA925387}"
EndProject
Project("{9A19103F-16F7-4668-BE54-9A1E7A4F7556}") = "AsyncConsole", "CSharp5\AsyncConsole\AsyncConsole.csproj", "{D2D747F8-DB3F-42DB-9D71-2746DE6902A2}"
EndProject
Project("{FAE04EC0-301F-11D3-BF4B-00C04F79EFBC}") = "Append", "CSharp5\Append\Append.csproj", "{05927F92-97A7-4788-8C9A-495EECDBF925}"
EndProject
Project("{9A19103F-16F7-4668-BE54-9A1E7A4F7556}") = "DynamicType", "CSharp2\DynamicType\DynamicType.csproj", "{ED56FF09-1CDB-40D3-9244-6391862205D2}"
EndProject
Project("{FAE04EC0-301F-11D3-BF4B-00C04F79EFBC}") = "AsyncOffical", "CSharp5\AsyncOffical\AsyncOffical.csproj", "{890E65D6-ADFE-4356-B6E1-DB6A14D2F240}"
EndProject
Global
	GlobalSection(SolutionConfigurationPlatforms) = preSolution
		Debug|Any CPU = Debug|Any CPU
		Release|Any CPU = Release|Any CPU
	EndGlobalSection
	GlobalSection(ProjectConfigurationPlatforms) = postSolution
		{1FBDC0EF-8CF3-4541-8537-CEA3F1CF1B8E}.Debug|Any CPU.ActiveCfg = Debug|Any CPU
		{1FBDC0EF-8CF3-4541-8537-CEA3F1CF1B8E}.Debug|Any CPU.Build.0 = Debug|Any CPU
		{1FBDC0EF-8CF3-4541-8537-CEA3F1CF1B8E}.Release|Any CPU.ActiveCfg = Release|Any CPU
		{1FBDC0EF-8CF3-4541-8537-CEA3F1CF1B8E}.Release|Any CPU.Build.0 = Release|Any CPU
		{B473F96D-E6C5-464D-A377-A77BEE6AE1F8}.Debug|Any CPU.ActiveCfg = Debug|Any CPU
		{B473F96D-E6C5-464D-A377-A77BEE6AE1F8}.Debug|Any CPU.Build.0 = Debug|Any CPU
		{B473F96D-E6C5-464D-A377-A77BEE6AE1F8}.Release|Any CPU.ActiveCfg = Release|Any CPU
		{B473F96D-E6C5-464D-A377-A77BEE6AE1F8}.Release|Any CPU.Build.0 = Release|Any CPU
		{A470196B-E539-49BA-89DF-4DE77EB669DB}.Debug|Any CPU.ActiveCfg = Debug|Any CPU
		{A470196B-E539-49BA-89DF-4DE77EB669DB}.Debug|Any CPU.Build.0 = Debug|Any CPU
		{A470196B-E539-49BA-89DF-4DE77EB669DB}.Release|Any CPU.ActiveCfg = Release|Any CPU
		{A470196B-E539-49BA-89DF-4DE77EB669DB}.Release|Any CPU.Build.0 = Release|Any CPU
		{BC8A8DCB-1CF6-44D0-BB28-DF18DA925387}.Debug|Any CPU.ActiveCfg = Debug|Any CPU
		{BC8A8DCB-1CF6-44D0-BB28-DF18DA925387}.Debug|Any CPU.Build.0 = Debug|Any CPU
		{BC8A8DCB-1CF6-44D0-BB28-DF18DA925387}.Release|Any CPU.ActiveCfg = Release|Any CPU
		{BC8A8DCB-1CF6-44D0-BB28-DF18DA925387}.Release|Any CPU.Build.0 = Release|Any CPU
		{D2D747F8-DB3F-42DB-9D71-2746DE6902A2}.Debug|Any CPU.ActiveCfg = Debug|Any CPU
		{D2D747F8-DB3F-42DB-9D71-2746DE6902A2}.Debug|Any CPU.Build.0 = Debug|Any CPU
		{D2D747F8-DB3F-42DB-9D71-2746DE6902A2}.Release|Any CPU.ActiveCfg = Release|Any CPU
		{D2D747F8-DB3F-42DB-9D71-2746DE6902A2}.Release|Any CPU.Build.0 = Release|Any CPU
		{05927F92-97A7-4788-8C9A-495EECDBF925}.Debug|Any CPU.ActiveCfg = Debug|Any CPU
		{05927F92-97A7-4788-8C9A-495EECDBF925}.Debug|Any CPU.Build.0 = Debug|Any CPU
		{05927F92-97A7-4788-8C9A-495EECDBF925}.Release|Any CPU.ActiveCfg = Release|Any CPU
		{05927F92-97A7-4788-8C9A-495EECDBF925}.Release|Any CPU.Build.0 = Release|Any CPU
		{ED56FF09-1CDB-40D3-9244-6391862205D2}.Debug|Any CPU.ActiveCfg = Debug|Any CPU
		{ED56FF09-1CDB-40D3-9244-6391862205D2}.Debug|Any CPU.Build.0 = Debug|Any CPU
		{ED56FF09-1CDB-40D3-9244-6391862205D2}.Release|Any CPU.ActiveCfg = Release|Any CPU
		{ED56FF09-1CDB-40D3-9244-6391862205D2}.Release|Any CPU.Build.0 = Release|Any CPU
		{890E65D6-ADFE-4356-B6E1-DB6A14D2F240}.Debug|Any CPU.ActiveCfg = Debug|Any CPU
		{890E65D6-ADFE-4356-B6E1-DB6A14D2F240}.Debug|Any CPU.Build.0 = Debug|Any CPU
		{890E65D6-ADFE-4356-B6E1-DB6A14D2F240}.Release|Any CPU.ActiveCfg = Release|Any CPU
		{890E65D6-ADFE-4356-B6E1-DB6A14D2F240}.Release|Any CPU.Build.0 = Release|Any CPU
	EndGlobalSection
	GlobalSection(SolutionProperties) = preSolution
		HideSolutionNode = FALSE
	EndGlobalSection
	GlobalSection(NestedProjects) = preSolution
		{1FBDC0EF-8CF3-4541-8537-CEA3F1CF1B8E} = {C02CC405-60EF-45D2-9014-781AC1E3CE03}
		{B473F96D-E6C5-464D-A377-A77BEE6AE1F8} = {C02CC405-60EF-45D2-9014-781AC1E3CE03}
		{A470196B-E539-49BA-89DF-4DE77EB669DB} = {C02CC405-60EF-45D2-9014-781AC1E3CE03}
		{BC8A8DCB-1CF6-44D0-BB28-DF18DA925387} = {ACED2C09-1EB6-4062-9803-60F233F81629}
		{D2D747F8-DB3F-42DB-9D71-2746DE6902A2} = {ACED2C09-1EB6-4062-9803-60F233F81629}
		{05927F92-97A7-4788-8C9A-495EECDBF925} = {ACED2C09-1EB6-4062-9803-60F233F81629}
		{ED56FF09-1CDB-40D3-9244-6391862205D2} = {C02CC405-60EF-45D2-9014-781AC1E3CE03}
		{890E65D6-ADFE-4356-B6E1-DB6A14D2F240} = {ACED2C09-1EB6-4062-9803-60F233F81629}
	EndGlobalSection
	GlobalSection(ExtensibilityGlobals) = postSolution
		SolutionGuid = {AD910F48-5A13-45E5-BA6E-63A9D3F960CD}
	EndGlobalSection
EndGlobal
